
Microsoft Visual Studio Solution File, Format Version 12.00
Project("{FAE04EC0-301F-11D3-BF4B-00C04F79EFBC}") = "Digipost.Api.Client", "Digipost.Api.Client\Digipost.Api.Client.csproj", "{20A5FD61-56FD-46C4-A1A7-77EEFC7AAD2E}"
EndProject
Project("{FAE04EC0-301F-11D3-BF4B-00C04F79EFBC}") = "Digipost.Api.Client.Common", "Digipost.Api.Client.Common\Digipost.Api.Client.Common.csproj", "{CD338E5A-1ED0-4331-B34E-8292FA8E387B}"
EndProject
Project("{FAE04EC0-301F-11D3-BF4B-00C04F79EFBC}") = "Digipost.Api.Client.Common.Tests", "Digipost.Api.Client.Common.Tests\Digipost.Api.Client.Common.Tests.csproj", "{BC85F48B-9584-41F7-BBE8-EBBEC1EEC7E8}"
EndProject
Project("{FAE04EC0-301F-11D3-BF4B-00C04F79EFBC}") = "Digipost.Api.Client.ConcurrencyTest", "Digipost.Api.Client.ConcurrencyTest\Digipost.Api.Client.ConcurrencyTest.csproj", "{7B5E5062-98E5-4312-9A82-28DF530BF5FB}"
EndProject
Project("{FAE04EC0-301F-11D3-BF4B-00C04F79EFBC}") = "Digipost.Api.Client.Docs", "Digipost.Api.Client.Docs\Digipost.Api.Client.Docs.csproj", "{1B5DB6E1-7363-4B6D-8565-CBF7E5C958DE}"
EndProject
Project("{FAE04EC0-301F-11D3-BF4B-00C04F79EFBC}") = "Digipost.Api.Client.Archive", "Digipost.Api.Client.Archive\Digipost.Api.Client.Archive.csproj", "{1BEC9279-D6C5-4C26-B926-13081F1C3DBC}"
EndProject
Project("{FAE04EC0-301F-11D3-BF4B-00C04F79EFBC}") = "Digipost.Api.Client.Inbox", "Digipost.Api.Client.Inbox\Digipost.Api.Client.Inbox.csproj", "{F23C5F66-E398-4234-8FB1-443D958FDF1A}"
EndProject
Project("{FAE04EC0-301F-11D3-BF4B-00C04F79EFBC}") = "Digipost.Api.Client.Inbox.Tests", "Digipost.Api.Client.Inbox.Tests\Digipost.Api.Client.Inbox.Tests.csproj", "{37678527-9988-46E8-A5D6-8F9533058F67}"
EndProject
Project("{FAE04EC0-301F-11D3-BF4B-00C04F79EFBC}") = "Digipost.Api.Client.Resources", "Digipost.Api.Client.Resources\Digipost.Api.Client.Resources.csproj", "{18CBB05A-B0AE-42FF-870F-1C213A238751}"
EndProject
Project("{FAE04EC0-301F-11D3-BF4B-00C04F79EFBC}") = "Digipost.Api.Client.Scripts", "Digipost.Api.Client.Scripts\Digipost.Api.Client.Scripts.csproj", "{A0F4D5F2-F2C7-4DDA-8B94-0057A96DA5A0}"
EndProject
Project("{FAE04EC0-301F-11D3-BF4B-00C04F79EFBC}") = "Digipost.Api.Client.Send", "Digipost.Api.Client.Send\Digipost.Api.Client.Send.csproj", "{4F528578-EBAC-4984-BF5D-972FEC0DC4FB}"
EndProject
Project("{FAE04EC0-301F-11D3-BF4B-00C04F79EFBC}") = "Digipost.Api.Client.Send.Tests", "Digipost.Api.Client.Send.Tests\Digipost.Api.Client.Send.Tests.csproj", "{57566E3A-1DE1-4020-B1B3-8AEDD79ED4AE}"
EndProject
Project("{FAE04EC0-301F-11D3-BF4B-00C04F79EFBC}") = "Digipost.Api.Client.Tests", "Digipost.Api.Client.Tests\Digipost.Api.Client.Tests.csproj", "{966A701B-7E91-4C41-BA28-B5C5E800E63D}"
EndProject
Global
	GlobalSection(SolutionConfigurationPlatforms) = preSolution
		Debug|Any CPU = Debug|Any CPU
		Release|Any CPU = Release|Any CPU
	EndGlobalSection
	GlobalSection(ProjectConfigurationPlatforms) = postSolution
		{20A5FD61-56FD-46C4-A1A7-77EEFC7AAD2E}.Debug|Any CPU.ActiveCfg = Debug|Any CPU
		{20A5FD61-56FD-46C4-A1A7-77EEFC7AAD2E}.Debug|Any CPU.Build.0 = Debug|Any CPU
		{20A5FD61-56FD-46C4-A1A7-77EEFC7AAD2E}.Release|Any CPU.ActiveCfg = Release|Any CPU
		{20A5FD61-56FD-46C4-A1A7-77EEFC7AAD2E}.Release|Any CPU.Build.0 = Release|Any CPU
		{CD338E5A-1ED0-4331-B34E-8292FA8E387B}.Debug|Any CPU.ActiveCfg = Debug|Any CPU
		{CD338E5A-1ED0-4331-B34E-8292FA8E387B}.Debug|Any CPU.Build.0 = Debug|Any CPU
		{CD338E5A-1ED0-4331-B34E-8292FA8E387B}.Release|Any CPU.ActiveCfg = Release|Any CPU
		{CD338E5A-1ED0-4331-B34E-8292FA8E387B}.Release|Any CPU.Build.0 = Release|Any CPU
		{BC85F48B-9584-41F7-BBE8-EBBEC1EEC7E8}.Debug|Any CPU.ActiveCfg = Debug|Any CPU
		{BC85F48B-9584-41F7-BBE8-EBBEC1EEC7E8}.Debug|Any CPU.Build.0 = Debug|Any CPU
		{BC85F48B-9584-41F7-BBE8-EBBEC1EEC7E8}.Release|Any CPU.ActiveCfg = Release|Any CPU
		{BC85F48B-9584-41F7-BBE8-EBBEC1EEC7E8}.Release|Any CPU.Build.0 = Release|Any CPU
		{7B5E5062-98E5-4312-9A82-28DF530BF5FB}.Debug|Any CPU.ActiveCfg = Debug|Any CPU
		{7B5E5062-98E5-4312-9A82-28DF530BF5FB}.Debug|Any CPU.Build.0 = Debug|Any CPU
		{7B5E5062-98E5-4312-9A82-28DF530BF5FB}.Release|Any CPU.ActiveCfg = Release|Any CPU
		{7B5E5062-98E5-4312-9A82-28DF530BF5FB}.Release|Any CPU.Build.0 = Release|Any CPU
		{1B5DB6E1-7363-4B6D-8565-CBF7E5C958DE}.Debug|Any CPU.ActiveCfg = Debug|Any CPU
		{1B5DB6E1-7363-4B6D-8565-CBF7E5C958DE}.Debug|Any CPU.Build.0 = Debug|Any CPU
		{1B5DB6E1-7363-4B6D-8565-CBF7E5C958DE}.Release|Any CPU.ActiveCfg = Release|Any CPU
		{1B5DB6E1-7363-4B6D-8565-CBF7E5C958DE}.Release|Any CPU.Build.0 = Release|Any CPU
		{F23C5F66-E398-4234-8FB1-443D958FDF1A}.Debug|Any CPU.ActiveCfg = Debug|Any CPU
		{F23C5F66-E398-4234-8FB1-443D958FDF1A}.Debug|Any CPU.Build.0 = Debug|Any CPU
		{F23C5F66-E398-4234-8FB1-443D958FDF1A}.Release|Any CPU.ActiveCfg = Release|Any CPU
		{F23C5F66-E398-4234-8FB1-443D958FDF1A}.Release|Any CPU.Build.0 = Release|Any CPU
		{1BEC9279-D6C5-4C26-B926-13081F1C3DBC}.Debug|Any CPU.ActiveCfg = Debug|Any CPU
		{1BEC9279-D6C5-4C26-B926-13081F1C3DBC}.Debug|Any CPU.Build.0 = Debug|Any CPU
		{1BEC9279-D6C5-4C26-B926-13081F1C3DBC}.Release|Any CPU.ActiveCfg = Release|Any CPU
		{1BEC9279-D6C5-4C26-B926-13081F1C3DBC}.Release|Any CPU.Build.0 = Release|Any CPU
		{37678527-9988-46E8-A5D6-8F9533058F67}.Debug|Any CPU.ActiveCfg = Debug|Any CPU
		{37678527-9988-46E8-A5D6-8F9533058F67}.Debug|Any CPU.Build.0 = Debug|Any CPU
		{37678527-9988-46E8-A5D6-8F9533058F67}.Release|Any CPU.ActiveCfg = Release|Any CPU
		{37678527-9988-46E8-A5D6-8F9533058F67}.Release|Any CPU.Build.0 = Release|Any CPU
		{18CBB05A-B0AE-42FF-870F-1C213A238751}.Debug|Any CPU.ActiveCfg = Debug|Any CPU
		{18CBB05A-B0AE-42FF-870F-1C213A238751}.Debug|Any CPU.Build.0 = Debug|Any CPU
		{18CBB05A-B0AE-42FF-870F-1C213A238751}.Release|Any CPU.ActiveCfg = Release|Any CPU
		{18CBB05A-B0AE-42FF-870F-1C213A238751}.Release|Any CPU.Build.0 = Release|Any CPU
		{A0F4D5F2-F2C7-4DDA-8B94-0057A96DA5A0}.Debug|Any CPU.ActiveCfg = Debug|Any CPU
		{A0F4D5F2-F2C7-4DDA-8B94-0057A96DA5A0}.Debug|Any CPU.Build.0 = Debug|Any CPU
		{A0F4D5F2-F2C7-4DDA-8B94-0057A96DA5A0}.Release|Any CPU.ActiveCfg = Release|Any CPU
		{A0F4D5F2-F2C7-4DDA-8B94-0057A96DA5A0}.Release|Any CPU.Build.0 = Release|Any CPU
		{4F528578-EBAC-4984-BF5D-972FEC0DC4FB}.Debug|Any CPU.ActiveCfg = Debug|Any CPU
		{4F528578-EBAC-4984-BF5D-972FEC0DC4FB}.Debug|Any CPU.Build.0 = Debug|Any CPU
		{4F528578-EBAC-4984-BF5D-972FEC0DC4FB}.Release|Any CPU.ActiveCfg = Release|Any CPU
		{4F528578-EBAC-4984-BF5D-972FEC0DC4FB}.Release|Any CPU.Build.0 = Release|Any CPU
		{57566E3A-1DE1-4020-B1B3-8AEDD79ED4AE}.Debug|Any CPU.ActiveCfg = Debug|Any CPU
		{57566E3A-1DE1-4020-B1B3-8AEDD79ED4AE}.Debug|Any CPU.Build.0 = Debug|Any CPU
		{57566E3A-1DE1-4020-B1B3-8AEDD79ED4AE}.Release|Any CPU.ActiveCfg = Release|Any CPU
		{57566E3A-1DE1-4020-B1B3-8AEDD79ED4AE}.Release|Any CPU.Build.0 = Release|Any CPU
		{966A701B-7E91-4C41-BA28-B5C5E800E63D}.Debug|Any CPU.ActiveCfg = Debug|Any CPU
		{966A701B-7E91-4C41-BA28-B5C5E800E63D}.Debug|Any CPU.Build.0 = Debug|Any CPU
		{966A701B-7E91-4C41-BA28-B5C5E800E63D}.Release|Any CPU.ActiveCfg = Release|Any CPU
		{966A701B-7E91-4C41-BA28-B5C5E800E63D}.Release|Any CPU.Build.0 = Release|Any CPU
	EndGlobalSection
EndGlobal
