
Microsoft Visual Studio Solution File, Format Version 12.00
# Visual Studio 14
VisualStudioVersion = 14.0.24720.0
MinimumVisualStudioVersion = 10.0.40219.1
Project("{FAE04EC0-301F-11D3-BF4B-00C04F79EFBC}") = "Digipost.Api.Client", "Digipost.Api.Client\Digipost.Api.Client.csproj", "{309FBB5E-248F-42EC-81CC-4D4F4578CBFD}"
EndProject
Project("{FAE04EC0-301F-11D3-BF4B-00C04F79EFBC}") = "Digipost.Api.Client.ConcurrencyTest", "Digipost.Api.Client.ConcurrencyTest\Digipost.Api.Client.ConcurrencyTest.csproj", "{5F13D547-B7FA-4723-A617-112D14239620}"
EndProject
Project("{FAE04EC0-301F-11D3-BF4B-00C04F79EFBC}") = "Digipost.Api.Client.Domain", "Digipost.Api.Client.Domain\Digipost.Api.Client.Domain.csproj", "{6622E975-31E3-45DB-8156-FB593FC872F4}"
EndProject
Project("{FAE04EC0-301F-11D3-BF4B-00C04F79EFBC}") = "Digipost.Api.Client.Test", "Digipost.Api.Client.Test\Digipost.Api.Client.Test.csproj", "{FDF4509B-F574-4EEF-A7C7-80B79AFB31AD}"
EndProject
Project("{FAE04EC0-301F-11D3-BF4B-00C04F79EFBC}") = "Digipost.Api.Client.Testklient", "Digipost.Api.Client.Testklient\Digipost.Api.Client.Testklient.csproj", "{613AAD5C-1505-4548-9883-93A058630FB0}"
EndProject
Project("{FAE04EC0-301F-11D3-BF4B-00C04F79EFBC}") = "Digipost.Api.Client.Resources", "Digipost.Api.Client.Resources\Digipost.Api.Client.Resources.csproj", "{5548C4BB-7811-4A22-A8F6-751F3AB8CE0D}"
EndProject
Project("{FAE04EC0-301F-11D3-BF4B-00C04F79EFBC}") = "Digipost.Api.Client.Xsd", "Digipost.Api.Client.Scripts\Digipost.Api.Client.Xsd.csproj", "{9E8E7C47-894D-441C-956A-2F6EAC2215E0}"
EndProject
Project("{2150E333-8FDC-42A3-9474-1A3956D46DE8}") = "Solution Items", "Solution Items", "{A51D45AE-BFB1-4836-9347-ABC54CC6B649}"
	ProjectSection(SolutionItems) = preProject
		C:\Keys\signingkey.snk = C:\Keys\signingkey.snk
	EndProjectSection
EndProject
Global
	GlobalSection(SolutionConfigurationPlatforms) = preSolution
		Debug|Any CPU = Debug|Any CPU
		Release|Any CPU = Release|Any CPU
	EndGlobalSection
	GlobalSection(ProjectConfigurationPlatforms) = postSolution
		{309FBB5E-248F-42EC-81CC-4D4F4578CBFD}.Debug|Any CPU.ActiveCfg = Debug|Any CPU
		{309FBB5E-248F-42EC-81CC-4D4F4578CBFD}.Debug|Any CPU.Build.0 = Debug|Any CPU
		{309FBB5E-248F-42EC-81CC-4D4F4578CBFD}.Release|Any CPU.ActiveCfg = Release|Any CPU
		{309FBB5E-248F-42EC-81CC-4D4F4578CBFD}.Release|Any CPU.Build.0 = Release|Any CPU
		{5F13D547-B7FA-4723-A617-112D14239620}.Debug|Any CPU.ActiveCfg = Debug|Any CPU
		{5F13D547-B7FA-4723-A617-112D14239620}.Debug|Any CPU.Build.0 = Debug|Any CPU
		{5F13D547-B7FA-4723-A617-112D14239620}.Release|Any CPU.ActiveCfg = Release|Any CPU
		{5F13D547-B7FA-4723-A617-112D14239620}.Release|Any CPU.Build.0 = Release|Any CPU
		{6622E975-31E3-45DB-8156-FB593FC872F4}.Debug|Any CPU.ActiveCfg = Debug|Any CPU
		{6622E975-31E3-45DB-8156-FB593FC872F4}.Debug|Any CPU.Build.0 = Debug|Any CPU
		{6622E975-31E3-45DB-8156-FB593FC872F4}.Release|Any CPU.ActiveCfg = Release|Any CPU
		{6622E975-31E3-45DB-8156-FB593FC872F4}.Release|Any CPU.Build.0 = Release|Any CPU
		{FDF4509B-F574-4EEF-A7C7-80B79AFB31AD}.Debug|Any CPU.ActiveCfg = Debug|Any CPU
		{FDF4509B-F574-4EEF-A7C7-80B79AFB31AD}.Debug|Any CPU.Build.0 = Debug|Any CPU
		{FDF4509B-F574-4EEF-A7C7-80B79AFB31AD}.Release|Any CPU.ActiveCfg = Release|Any CPU
		{FDF4509B-F574-4EEF-A7C7-80B79AFB31AD}.Release|Any CPU.Build.0 = Release|Any CPU
		{613AAD5C-1505-4548-9883-93A058630FB0}.Debug|Any CPU.ActiveCfg = Debug|Any CPU
		{613AAD5C-1505-4548-9883-93A058630FB0}.Debug|Any CPU.Build.0 = Debug|Any CPU
		{613AAD5C-1505-4548-9883-93A058630FB0}.Release|Any CPU.ActiveCfg = Release|Any CPU
		{613AAD5C-1505-4548-9883-93A058630FB0}.Release|Any CPU.Build.0 = Release|Any CPU
		{5548C4BB-7811-4A22-A8F6-751F3AB8CE0D}.Debug|Any CPU.ActiveCfg = Debug|Any CPU
		{5548C4BB-7811-4A22-A8F6-751F3AB8CE0D}.Debug|Any CPU.Build.0 = Debug|Any CPU
		{5548C4BB-7811-4A22-A8F6-751F3AB8CE0D}.Release|Any CPU.ActiveCfg = Release|Any CPU
		{5548C4BB-7811-4A22-A8F6-751F3AB8CE0D}.Release|Any CPU.Build.0 = Release|Any CPU
		{9E8E7C47-894D-441C-956A-2F6EAC2215E0}.Debug|Any CPU.ActiveCfg = Debug|Any CPU
		{9E8E7C47-894D-441C-956A-2F6EAC2215E0}.Debug|Any CPU.Build.0 = Debug|Any CPU
		{9E8E7C47-894D-441C-956A-2F6EAC2215E0}.Release|Any CPU.ActiveCfg = Release|Any CPU
		{9E8E7C47-894D-441C-956A-2F6EAC2215E0}.Release|Any CPU.Build.0 = Release|Any CPU
	EndGlobalSection
	GlobalSection(SolutionProperties) = preSolution
		HideSolutionNode = FALSE
	EndGlobalSection
EndGlobal
